
Microsoft Visual Studio Solution File, Format Version 12.00
# Visual Studio Version 17
VisualStudioVersion = 17.7.34031.279
MinimumVisualStudioVersion = 10.0.40219.1
Project("{FAE04EC0-301F-11D3-BF4B-00C04F79EFBC}") = "Laborator 5", "Laborator 5\Laborator 5.csproj", "{50D5FDE2-3193-4615-91E4-37A5A6C18969}"
EndProject
Global
	GlobalSection(SolutionConfigurationPlatforms) = preSolution
		Debug|Any CPU = Debug|Any CPU
		Release|Any CPU = Release|Any CPU
	EndGlobalSection
	GlobalSection(ProjectConfigurationPlatforms) = postSolution
		{50D5FDE2-3193-4615-91E4-37A5A6C18969}.Debug|Any CPU.ActiveCfg = Debug|Any CPU
		{50D5FDE2-3193-4615-91E4-37A5A6C18969}.Debug|Any CPU.Build.0 = Debug|Any CPU
		{50D5FDE2-3193-4615-91E4-37A5A6C18969}.Release|Any CPU.ActiveCfg = Release|Any CPU
		{50D5FDE2-3193-4615-91E4-37A5A6C18969}.Release|Any CPU.Build.0 = Release|Any CPU
	EndGlobalSection
	GlobalSection(SolutionProperties) = preSolution
		HideSolutionNode = FALSE
	EndGlobalSection
	GlobalSection(ExtensibilityGlobals) = postSolution
		SolutionGuid = {BA198239-EE0F-4A14-BB7D-32848ADEF43E}
	EndGlobalSection
EndGlobal
