
Microsoft Visual Studio Solution File, Format Version 12.00
# Visual Studio Version 17
VisualStudioVersion = 17.3.32929.385
MinimumVisualStudioVersion = 10.0.40219.1
Project("{FAE04EC0-301F-11D3-BF4B-00C04F79EFBC}") = "Laborator4", "Laborator4\Laborator4.csproj", "{CA7B995F-0409-4E87-AF97-27E58D365EBE}"
EndProject
Global
	GlobalSection(SolutionConfigurationPlatforms) = preSolution
		Debug|Any CPU = Debug|Any CPU
		Release|Any CPU = Release|Any CPU
	EndGlobalSection
	GlobalSection(ProjectConfigurationPlatforms) = postSolution
		{CA7B995F-0409-4E87-AF97-27E58D365EBE}.Debug|Any CPU.ActiveCfg = Debug|Any CPU
		{CA7B995F-0409-4E87-AF97-27E58D365EBE}.Debug|Any CPU.Build.0 = Debug|Any CPU
		{CA7B995F-0409-4E87-AF97-27E58D365EBE}.Release|Any CPU.ActiveCfg = Release|Any CPU
		{CA7B995F-0409-4E87-AF97-27E58D365EBE}.Release|Any CPU.Build.0 = Release|Any CPU
	EndGlobalSection
	GlobalSection(SolutionProperties) = preSolution
		HideSolutionNode = FALSE
	EndGlobalSection
	GlobalSection(ExtensibilityGlobals) = postSolution
		SolutionGuid = {C4A3D0B8-AFFA-486F-9C32-960758606F8B}
	EndGlobalSection
EndGlobal
